
Microsoft Visual Studio Solution File, Format Version 12.00
# Visual Studio 14
VisualStudioVersion = 14.0.25123.0
MinimumVisualStudioVersion = 10.0.40219.1
Project("{FAE04EC0-301F-11D3-BF4B-00C04F79EFBC}") = "TapFinder.Web", "src\TapFinder.Web\TapFinder.Web.csproj", "{041DC7B6-A4A1-4769-9DC5-E88A03ED20E5}"
EndProject
Project("{FAE04EC0-301F-11D3-BF4B-00C04F79EFBC}") = "TapFinder.Migrations", "src\TapFinder.Migrations\TapFinder.Migrations.csproj", "{2A6195D1-9743-4B0A-811A-8C0E8C39965D}"
EndProject
Project("{FAE04EC0-301F-11D3-BF4B-00C04F79EFBC}") = "TapFinder.DataAccess", "src\TapFinder.DataAccess\TapFinder.DataAccess.csproj", "{CA324B4B-DFA6-48B8-847F-2056683F2DE0}"
EndProject
Project("{FAE04EC0-301F-11D3-BF4B-00C04F79EFBC}") = "TapFinder.Tests", "tests\TapFinder.Tests\TapFinder.Tests.csproj", "{C970E344-F7F7-4B62-8264-D02CD817913B}"
EndProject
Project("{2150E333-8FDC-42A3-9474-1A3956D46DE8}") = "Solution Items", "Solution Items", "{856592A8-5FBF-42BC-82DB-3C2B708C9045}"
	ProjectSection(SolutionItems) = preProject
		.gitignore = .gitignore
		build.cmd = build.cmd
		build.fsx = build.fsx
		build.ps1 = build.ps1
		README.md = README.md
	EndProjectSection
EndProject
Global
	GlobalSection(SolutionConfigurationPlatforms) = preSolution
		Debug|Any CPU = Debug|Any CPU
		Release|Any CPU = Release|Any CPU
	EndGlobalSection
	GlobalSection(ProjectConfigurationPlatforms) = postSolution
		{041DC7B6-A4A1-4769-9DC5-E88A03ED20E5}.Debug|Any CPU.ActiveCfg = Debug|Any CPU
		{041DC7B6-A4A1-4769-9DC5-E88A03ED20E5}.Debug|Any CPU.Build.0 = Debug|Any CPU
		{041DC7B6-A4A1-4769-9DC5-E88A03ED20E5}.Release|Any CPU.ActiveCfg = Release|Any CPU
		{041DC7B6-A4A1-4769-9DC5-E88A03ED20E5}.Release|Any CPU.Build.0 = Release|Any CPU
		{2A6195D1-9743-4B0A-811A-8C0E8C39965D}.Debug|Any CPU.ActiveCfg = Debug|Any CPU
		{2A6195D1-9743-4B0A-811A-8C0E8C39965D}.Debug|Any CPU.Build.0 = Debug|Any CPU
		{2A6195D1-9743-4B0A-811A-8C0E8C39965D}.Release|Any CPU.ActiveCfg = Release|Any CPU
		{2A6195D1-9743-4B0A-811A-8C0E8C39965D}.Release|Any CPU.Build.0 = Release|Any CPU
		{CA324B4B-DFA6-48B8-847F-2056683F2DE0}.Debug|Any CPU.ActiveCfg = Debug|Any CPU
		{CA324B4B-DFA6-48B8-847F-2056683F2DE0}.Debug|Any CPU.Build.0 = Debug|Any CPU
		{CA324B4B-DFA6-48B8-847F-2056683F2DE0}.Release|Any CPU.ActiveCfg = Release|Any CPU
		{CA324B4B-DFA6-48B8-847F-2056683F2DE0}.Release|Any CPU.Build.0 = Release|Any CPU
		{C970E344-F7F7-4B62-8264-D02CD817913B}.Debug|Any CPU.ActiveCfg = Debug|Any CPU
		{C970E344-F7F7-4B62-8264-D02CD817913B}.Debug|Any CPU.Build.0 = Debug|Any CPU
		{C970E344-F7F7-4B62-8264-D02CD817913B}.Release|Any CPU.ActiveCfg = Release|Any CPU
		{C970E344-F7F7-4B62-8264-D02CD817913B}.Release|Any CPU.Build.0 = Release|Any CPU
	EndGlobalSection
	GlobalSection(SolutionProperties) = preSolution
		HideSolutionNode = FALSE
	EndGlobalSection
EndGlobal
